
Microsoft Visual Studio Solution File, Format Version 12.00
# Visual Studio Version 16
VisualStudioVersion = 16.0.32106.194
MinimumVisualStudioVersion = 10.0.40219.1
Project("{FAE04EC0-301F-11D3-BF4B-00C04F79EFBC}") = "GameDemo", "GameDemo.csproj", "{09E83AE8-D9BB-4F8C-BAA5-CEAA84A972C6}"
EndProject
Global
	GlobalSection(SolutionConfigurationPlatforms) = preSolution
		Debug|Any CPU = Debug|Any CPU
		Release|Any CPU = Release|Any CPU
	EndGlobalSection
	GlobalSection(ProjectConfigurationPlatforms) = postSolution
		{09E83AE8-D9BB-4F8C-BAA5-CEAA84A972C6}.Debug|Any CPU.ActiveCfg = Debug|Any CPU
		{09E83AE8-D9BB-4F8C-BAA5-CEAA84A972C6}.Debug|Any CPU.Build.0 = Debug|Any CPU
		{09E83AE8-D9BB-4F8C-BAA5-CEAA84A972C6}.Release|Any CPU.ActiveCfg = Release|Any CPU
		{09E83AE8-D9BB-4F8C-BAA5-CEAA84A972C6}.Release|Any CPU.Build.0 = Release|Any CPU
	EndGlobalSection
	GlobalSection(SolutionProperties) = preSolution
		HideSolutionNode = FALSE
	EndGlobalSection
	GlobalSection(ExtensibilityGlobals) = postSolution
		SolutionGuid = {5085887C-49DD-4293-944E-6928FAE8F995}
	EndGlobalSection
EndGlobal
